# This file is automatically @generated by Cargo.
# It is not intended for manual editing.
version = 3

[[package]]
name = "cc"
version = "1.0.72"
source = "registry+https://github.com/rust-lang/crates.io-index"
checksum = "22a9137b95ea06864e018375b72adfb7db6e6f68cfc8df5a04d00288050485ee"

[[package]]
name = "co2mon"
version = "2.1.1"
source = "registry+https://github.com/rust-lang/crates.io-index"
checksum = "1bd31f0bedd625be59a54e4bc6fafd0b677edae7f494e6ea92bad8e76891b39d"
dependencies = [
 "hidapi",
 "zg-co2",
]

[[package]]
name = "hidapi"
version = "1.3.0"
source = "registry+https://github.com/rust-lang/crates.io-index"
checksum = "8d6f5e247bc66f3255d755e96d9d43f6b191f4e182072b811d55584ff58c510f"
dependencies = [
 "cc",
 "libc",
 "pkg-config",
]

[[package]]
name = "libc"
version = "0.2.112"
source = "registry+https://github.com/rust-lang/crates.io-index"
checksum = "1b03d17f364a3a042d5e5d46b053bbbf82c92c9430c592dd4c064dc6ee997125"

[[package]]
name = "mackerel-plugin-co2mon"
version = "0.1.0"
dependencies = [
 "co2mon",
]

[[package]]
name = "pkg-config"
version = "0.3.24"
source = "registry+https://github.com/rust-lang/crates.io-index"
checksum = "58893f751c9b0412871a09abd62ecd2a00298c6c83befa223ef98c52aef40cbe"

[[package]]
name = "zg-co2"
version = "2.1.0"
source = "registry+https://github.com/rust-lang/crates.io-index"
checksum = "d3a9df509d9ec0ea00da723d78bd5aca8f31c5395c4ee4b44350bc5f86fccc2a"
